// !$*UTF8*$!
{
	archiveVersion = 1;
	classes = {
	};
	objectVersion = 46;
	objects = {

/* Begin PBXBuildFile section */
		91302CC814643881009CABAF /* AQGridView.m in Sources */ = {isa = PBXBuildFile; fileRef = 91302CB214643881009CABAF /* AQGridView.m */; settings = {COMPILER_FLAGS = "-fno-objc-arc"; }; };
		91302CC914643881009CABAF /* AQGridViewAnimatorItem.m in Sources */ = {isa = PBXBuildFile; fileRef = 91302CB614643881009CABAF /* AQGridViewAnimatorItem.m */; settings = {COMPILER_FLAGS = "-fno-objc-arc"; }; };
		91302CCA14643881009CABAF /* AQGridViewCell.m in Sources */ = {isa = PBXBuildFile; fileRef = 91302CB814643881009CABAF /* AQGridViewCell.m */; settings = {COMPILER_FLAGS = "-fno-objc-arc"; }; };
		91302CCB14643881009CABAF /* AQGridViewController.m in Sources */ = {isa = PBXBuildFile; fileRef = 91302CBB14643881009CABAF /* AQGridViewController.m */; settings = {COMPILER_FLAGS = "-fno-objc-arc"; }; };
		91302CCC14643881009CABAF /* AQGridViewData.m in Sources */ = {isa = PBXBuildFile; fileRef = 91302CBD14643881009CABAF /* AQGridViewData.m */; settings = {COMPILER_FLAGS = "-fno-objc-arc"; }; };
		91302CCD14643881009CABAF /* AQGridViewUpdateInfo.m in Sources */ = {isa = PBXBuildFile; fileRef = 91302CBF14643881009CABAF /* AQGridViewUpdateInfo.m */; settings = {COMPILER_FLAGS = "-fno-objc-arc"; }; };
		91302CCE14643881009CABAF /* AQGridViewUpdateItem.m in Sources */ = {isa = PBXBuildFile; fileRef = 91302CC114643881009CABAF /* AQGridViewUpdateItem.m */; settings = {COMPILER_FLAGS = "-fno-objc-arc"; }; };
		91302CCF14643881009CABAF /* NSIndexSet+AQIndexesOutsideSet.m in Sources */ = {isa = PBXBuildFile; fileRef = 91302CC314643881009CABAF /* NSIndexSet+AQIndexesOutsideSet.m */; settings = {COMPILER_FLAGS = "-fno-objc-arc"; }; };
		91302CD014643881009CABAF /* NSIndexSet+AQIsSetContiguous.m in Sources */ = {isa = PBXBuildFile; fileRef = 91302CC514643881009CABAF /* NSIndexSet+AQIsSetContiguous.m */; settings = {COMPILER_FLAGS = "-fno-objc-arc"; }; };
		91302CD114643881009CABAF /* UIColor+AQGridView.m in Sources */ = {isa = PBXBuildFile; fileRef = 91302CC714643881009CABAF /* UIColor+AQGridView.m */; settings = {COMPILER_FLAGS = "-fno-objc-arc"; }; };
		91AAD3C5144B129900026592 /* UIKit.framework in Frameworks */ = {isa = PBXBuildFile; fileRef = 91AAD3C4144B129900026592 /* UIKit.framework */; };
		91AAD3C7144B129900026592 /* Foundation.framework in Frameworks */ = {isa = PBXBuildFile; fileRef = 91AAD3C6144B129900026592 /* Foundation.framework */; };
		91AAD3C9144B129900026592 /* CoreGraphics.framework in Frameworks */ = {isa = PBXBuildFile; fileRef = 91AAD3C8144B129900026592 /* CoreGraphics.framework */; };
		91AAD3CF144B129900026592 /* InfoPlist.strings in Resources */ = {isa = PBXBuildFile; fileRef = 91AAD3CD144B129900026592 /* InfoPlist.strings */; };
		91AAD3D1144B129900026592 /* main.m in Sources */ = {isa = PBXBuildFile; fileRef = 91AAD3D0144B129900026592 /* main.m */; };
		91AAD3D5144B129900026592 /* GVAppDelegate.m in Sources */ = {isa = PBXBuildFile; fileRef = 91AAD3D4144B129900026592 /* GVAppDelegate.m */; };
		91AAD3D8144B129900026592 /* GVViewController.m in Sources */ = {isa = PBXBuildFile; fileRef = 91AAD3D7144B129900026592 /* GVViewController.m */; };
		91AAD3DB144B129900026592 /* GVViewController.xib in Resources */ = {isa = PBXBuildFile; fileRef = 91AAD3D9144B129900026592 /* GVViewController.xib */; };
		91AAD405144B14CF00026592 /* QuartzCore.framework in Frameworks */ = {isa = PBXBuildFile; fileRef = 91AAD404144B14CF00026592 /* QuartzCore.framework */; };
		91AAD408144B164600026592 /* GVCell.m in Sources */ = {isa = PBXBuildFile; fileRef = 91AAD407144B164600026592 /* GVCell.m */; };
		91AAD40D144B26D700026592 /* BViewController.m in Sources */ = {isa = PBXBuildFile; fileRef = 91AAD40B144B26D700026592 /* BViewController.m */; };
		91AAD40E144B26D700026592 /* BViewController.xib in Resources */ = {isa = PBXBuildFile; fileRef = 91AAD40C144B26D700026592 /* BViewController.xib */; };
/* End PBXBuildFile section */

/* Begin PBXFileReference section */
		91302CB114643881009CABAF /* AQGridView.h */ = {isa = PBXFileReference; fileEncoding = 4; lastKnownFileType = sourcecode.c.h; name = AQGridView.h; path = ../../AQGridView/Classes/AQGridView.h; sourceTree = "<group>"; };
		91302CB214643881009CABAF /* AQGridView.m */ = {isa = PBXFileReference; fileEncoding = 4; lastKnownFileType = sourcecode.c.objc; name = AQGridView.m; path = ../../AQGridView/Classes/AQGridView.m; sourceTree = "<group>"; };
		91302CB314643881009CABAF /* AQGridView+CellLayout.h */ = {isa = PBXFileReference; fileEncoding = 4; lastKnownFileType = sourcecode.c.h; name = "AQGridView+CellLayout.h"; path = "../../AQGridView/Classes/AQGridView+CellLayout.h"; sourceTree = "<group>"; };
		91302CB414643881009CABAF /* AQGridView+CellLocationDelegation.h */ = {isa = PBXFileReference; fileEncoding = 4; lastKnownFileType = sourcecode.c.h; name = "AQGridView+CellLocationDelegation.h"; path = "../../AQGridView/Classes/AQGridView+CellLocationDelegation.h"; sourceTree = "<group>"; };
		91302CB514643881009CABAF /* AQGridViewAnimatorItem.h */ = {isa = PBXFileReference; fileEncoding = 4; lastKnownFileType = sourcecode.c.h; name = AQGridViewAnimatorItem.h; path = ../../AQGridView/Classes/AQGridViewAnimatorItem.h; sourceTree = "<group>"; };
		91302CB614643881009CABAF /* AQGridViewAnimatorItem.m */ = {isa = PBXFileReference; fileEncoding = 4; lastKnownFileType = sourcecode.c.objc; name = AQGridViewAnimatorItem.m; path = ../../AQGridView/Classes/AQGridViewAnimatorItem.m; sourceTree = "<group>"; };
		91302CB714643881009CABAF /* AQGridViewCell.h */ = {isa = PBXFileReference; fileEncoding = 4; lastKnownFileType = sourcecode.c.h; name = AQGridViewCell.h; path = ../../AQGridView/Classes/AQGridViewCell.h; sourceTree = "<group>"; };
		91302CB814643881009CABAF /* AQGridViewCell.m */ = {isa = PBXFileReference; fileEncoding = 4; lastKnownFileType = sourcecode.c.objc; name = AQGridViewCell.m; path = ../../AQGridView/Classes/AQGridViewCell.m; sourceTree = "<group>"; };
		91302CB914643881009CABAF /* AQGridViewCell+AQGridViewCellPrivate.h */ = {isa = PBXFileReference; fileEncoding = 4; lastKnownFileType = sourcecode.c.h; name = "AQGridViewCell+AQGridViewCellPrivate.h"; path = "../../AQGridView/Classes/AQGridViewCell+AQGridViewCellPrivate.h"; sourceTree = "<group>"; };
		91302CBA14643881009CABAF /* AQGridViewController.h */ = {isa = PBXFileReference; fileEncoding = 4; lastKnownFileType = sourcecode.c.h; name = AQGridViewController.h; path = ../../AQGridView/Classes/AQGridViewController.h; sourceTree = "<group>"; };
		91302CBB14643881009CABAF /* AQGridViewController.m */ = {isa = PBXFileReference; fileEncoding = 4; lastKnownFileType = sourcecode.c.objc; name = AQGridViewController.m; path = ../../AQGridView/Classes/AQGridViewController.m; sourceTree = "<group>"; };
		91302CBC14643881009CABAF /* AQGridViewData.h */ = {isa = PBXFileReference; fileEncoding = 4; lastKnownFileType = sourcecode.c.h; name = AQGridViewData.h; path = ../../AQGridView/Classes/AQGridViewData.h; sourceTree = "<group>"; };
		91302CBD14643881009CABAF /* AQGridViewData.m */ = {isa = PBXFileReference; fileEncoding = 4; lastKnownFileType = sourcecode.c.objc; name = AQGridViewData.m; path = ../../AQGridView/Classes/AQGridViewData.m; sourceTree = "<group>"; };
		91302CBE14643881009CABAF /* AQGridViewUpdateInfo.h */ = {isa = PBXFileReference; fileEncoding = 4; lastKnownFileType = sourcecode.c.h; name = AQGridViewUpdateInfo.h; path = ../../AQGridView/Classes/AQGridViewUpdateInfo.h; sourceTree = "<group>"; };
		91302CBF14643881009CABAF /* AQGridViewUpdateInfo.m */ = {isa = PBXFileReference; fileEncoding = 4; lastKnownFileType = sourcecode.c.objc; name = AQGridViewUpdateInfo.m; path = ../../AQGridView/Classes/AQGridViewUpdateInfo.m; sourceTree = "<group>"; };
		91302CC014643881009CABAF /* AQGridViewUpdateItem.h */ = {isa = PBXFileReference; fileEncoding = 4; lastKnownFileType = sourcecode.c.h; name = AQGridViewUpdateItem.h; path = ../../AQGridView/Classes/AQGridViewUpdateItem.h; sourceTree = "<group>"; };
		91302CC114643881009CABAF /* AQGridViewUpdateItem.m */ = {isa = PBXFileReference; fileEncoding = 4; lastKnownFileType = sourcecode.c.objc; name = AQGridViewUpdateItem.m; path = ../../AQGridView/Classes/AQGridViewUpdateItem.m; sourceTree = "<group>"; };
		91302CC214643881009CABAF /* NSIndexSet+AQIndexesOutsideSet.h */ = {isa = PBXFileReference; fileEncoding = 4; lastKnownFileType = sourcecode.c.h; name = "NSIndexSet+AQIndexesOutsideSet.h"; path = "../../AQGridView/Classes/NSIndexSet+AQIndexesOutsideSet.h"; sourceTree = "<group>"; };
		91302CC314643881009CABAF /* NSIndexSet+AQIndexesOutsideSet.m */ = {isa = PBXFileReference; fileEncoding = 4; lastKnownFileType = sourcecode.c.objc; name = "NSIndexSet+AQIndexesOutsideSet.m"; path = "../../AQGridView/Classes/NSIndexSet+AQIndexesOutsideSet.m"; sourceTree = "<group>"; };
		91302CC414643881009CABAF /* NSIndexSet+AQIsSetContiguous.h */ = {isa = PBXFileReference; fileEncoding = 4; lastKnownFileType = sourcecode.c.h; name = "NSIndexSet+AQIsSetContiguous.h"; path = "../../AQGridView/Classes/NSIndexSet+AQIsSetContiguous.h"; sourceTree = "<group>"; };
		91302CC514643881009CABAF /* NSIndexSet+AQIsSetContiguous.m */ = {isa = PBXFileReference; fileEncoding = 4; lastKnownFileType = sourcecode.c.objc; name = "NSIndexSet+AQIsSetContiguous.m"; path = "../../AQGridView/Classes/NSIndexSet+AQIsSetContiguous.m"; sourceTree = "<group>"; };
		91302CC614643881009CABAF /* UIColor+AQGridView.h */ = {isa = PBXFileReference; fileEncoding = 4; lastKnownFileType = sourcecode.c.h; name = "UIColor+AQGridView.h"; path = "../../AQGridView/Classes/UIColor+AQGridView.h"; sourceTree = "<group>"; };
		91302CC714643881009CABAF /* UIColor+AQGridView.m */ = {isa = PBXFileReference; fileEncoding = 4; lastKnownFileType = sourcecode.c.objc; name = "UIColor+AQGridView.m"; path = "../../AQGridView/Classes/UIColor+AQGridView.m"; sourceTree = "<group>"; };
		91AAD3C0144B129900026592 /* GVController.app */ = {isa = PBXFileReference; explicitFileType = wrapper.application; includeInIndex = 0; path = GVController.app; sourceTree = BUILT_PRODUCTS_DIR; };
		91AAD3C4144B129900026592 /* UIKit.framework */ = {isa = PBXFileReference; lastKnownFileType = wrapper.framework; name = UIKit.framework; path = System/Library/Frameworks/UIKit.framework; sourceTree = SDKROOT; };
		91AAD3C6144B129900026592 /* Foundation.framework */ = {isa = PBXFileReference; lastKnownFileType = wrapper.framework; name = Foundation.framework; path = System/Library/Frameworks/Foundation.framework; sourceTree = SDKROOT; };
		91AAD3C8144B129900026592 /* CoreGraphics.framework */ = {isa = PBXFileReference; lastKnownFileType = wrapper.framework; name = CoreGraphics.framework; path = System/Library/Frameworks/CoreGraphics.framework; sourceTree = SDKROOT; };
		91AAD3CC144B129900026592 /* GVController-Info.plist */ = {isa = PBXFileReference; lastKnownFileType = text.plist.xml; path = "GVController-Info.plist"; sourceTree = "<group>"; };
		91AAD3CE144B129900026592 /* en */ = {isa = PBXFileReference; lastKnownFileType = text.plist.strings; name = en; path = en.lproj/InfoPlist.strings; sourceTree = "<group>"; };
		91AAD3D0144B129900026592 /* main.m */ = {isa = PBXFileReference; lastKnownFileType = sourcecode.c.objc; path = main.m; sourceTree = "<group>"; };
		91AAD3D2144B129900026592 /* GVController-Prefix.pch */ = {isa = PBXFileReference; lastKnownFileType = sourcecode.c.h; path = "GVController-Prefix.pch"; sourceTree = "<group>"; };
		91AAD3D3144B129900026592 /* GVAppDelegate.h */ = {isa = PBXFileReference; lastKnownFileType = sourcecode.c.h; path = GVAppDelegate.h; sourceTree = "<group>"; };
		91AAD3D4144B129900026592 /* GVAppDelegate.m */ = {isa = PBXFileReference; lastKnownFileType = sourcecode.c.objc; path = GVAppDelegate.m; sourceTree = "<group>"; };
		91AAD3D6144B129900026592 /* GVViewController.h */ = {isa = PBXFileReference; lastKnownFileType = sourcecode.c.h; path = GVViewController.h; sourceTree = "<group>"; };
		91AAD3D7144B129900026592 /* GVViewController.m */ = {isa = PBXFileReference; lastKnownFileType = sourcecode.c.objc; path = GVViewController.m; sourceTree = "<group>"; };
		91AAD3DA144B129900026592 /* en */ = {isa = PBXFileReference; lastKnownFileType = file.xib; name = en; path = en.lproj/GVViewController.xib; sourceTree = "<group>"; };
		91AAD404144B14CF00026592 /* QuartzCore.framework */ = {isa = PBXFileReference; lastKnownFileType = wrapper.framework; name = QuartzCore.framework; path = System/Library/Frameworks/QuartzCore.framework; sourceTree = SDKROOT; };
		91AAD406144B164600026592 /* GVCell.h */ = {isa = PBXFileReference; fileEncoding = 4; lastKnownFileType = sourcecode.c.h; path = GVCell.h; sourceTree = "<group>"; };
		91AAD407144B164600026592 /* GVCell.m */ = {isa = PBXFileReference; fileEncoding = 4; lastKnownFileType = sourcecode.c.objc; path = GVCell.m; sourceTree = "<group>"; };
		91AAD40A144B26D700026592 /* BViewController.h */ = {isa = PBXFileReference; fileEncoding = 4; lastKnownFileType = sourcecode.c.h; path = BViewController.h; sourceTree = "<group>"; };
		91AAD40B144B26D700026592 /* BViewController.m */ = {isa = PBXFileReference; fileEncoding = 4; lastKnownFileType = sourcecode.c.objc; path = BViewController.m; sourceTree = "<group>"; };
		91AAD40C144B26D700026592 /* BViewController.xib */ = {isa = PBXFileReference; fileEncoding = 4; lastKnownFileType = file.xib; path = BViewController.xib; sourceTree = "<group>"; };
		91B6A87D146471590099C21B /* GVItemProtocol.h */ = {isa = PBXFileReference; fileEncoding = 4; lastKnownFileType = sourcecode.c.h; path = GVItemProtocol.h; sourceTree = "<group>"; };
/* End PBXFileReference section */

/* Begin PBXFrameworksBuildPhase section */
		91AAD3BD144B129900026592 /* Frameworks */ = {
			isa = PBXFrameworksBuildPhase;
			buildActionMask = 2147483647;
			files = (
				91AAD405144B14CF00026592 /* QuartzCore.framework in Frameworks */,
				91AAD3C5144B129900026592 /* UIKit.framework in Frameworks */,
				91AAD3C7144B129900026592 /* Foundation.framework in Frameworks */,
				91AAD3C9144B129900026592 /* CoreGraphics.framework in Frameworks */,
			);
			runOnlyForDeploymentPostprocessing = 0;
		};
/* End PBXFrameworksBuildPhase section */

/* Begin PBXGroup section */
		91302CB01464384D009CABAF /* AQGrid */ = {
			isa = PBXGroup;
			children = (
				91302CB114643881009CABAF /* AQGridView.h */,
				91302CB214643881009CABAF /* AQGridView.m */,
				91302CB314643881009CABAF /* AQGridView+CellLayout.h */,
				91302CB414643881009CABAF /* AQGridView+CellLocationDelegation.h */,
				91302CB514643881009CABAF /* AQGridViewAnimatorItem.h */,
				91302CB614643881009CABAF /* AQGridViewAnimatorItem.m */,
				91302CB714643881009CABAF /* AQGridViewCell.h */,
				91302CB814643881009CABAF /* AQGridViewCell.m */,
				91302CB914643881009CABAF /* AQGridViewCell+AQGridViewCellPrivate.h */,
				91302CBA14643881009CABAF /* AQGridViewController.h */,
				91302CBB14643881009CABAF /* AQGridViewController.m */,
				91302CBC14643881009CABAF /* AQGridViewData.h */,
				91302CBD14643881009CABAF /* AQGridViewData.m */,
				91302CBE14643881009CABAF /* AQGridViewUpdateInfo.h */,
				91302CBF14643881009CABAF /* AQGridViewUpdateInfo.m */,
				91302CC014643881009CABAF /* AQGridViewUpdateItem.h */,
				91302CC114643881009CABAF /* AQGridViewUpdateItem.m */,
				91302CC214643881009CABAF /* NSIndexSet+AQIndexesOutsideSet.h */,
				91302CC314643881009CABAF /* NSIndexSet+AQIndexesOutsideSet.m */,
				91302CC414643881009CABAF /* NSIndexSet+AQIsSetContiguous.h */,
				91302CC514643881009CABAF /* NSIndexSet+AQIsSetContiguous.m */,
				91302CC614643881009CABAF /* UIColor+AQGridView.h */,
				91302CC714643881009CABAF /* UIColor+AQGridView.m */,
			);
			name = AQGrid;
			sourceTree = "<group>";
		};
		91AAD3B5144B129900026592 = {
			isa = PBXGroup;
			children = (
				91AAD404144B14CF00026592 /* QuartzCore.framework */,
				91AAD3CA144B129900026592 /* GVController */,
				91AAD3C3144B129900026592 /* Frameworks */,
				91AAD3C1144B129900026592 /* Products */,
			);
			sourceTree = "<group>";
		};
		91AAD3C1144B129900026592 /* Products */ = {
			isa = PBXGroup;
			children = (
				91AAD3C0144B129900026592 /* GVController.app */,
			);
			name = Products;
			sourceTree = "<group>";
		};
		91AAD3C3144B129900026592 /* Frameworks */ = {
			isa = PBXGroup;
			children = (
				91AAD3C4144B129900026592 /* UIKit.framework */,
				91AAD3C6144B129900026592 /* Foundation.framework */,
				91AAD3C8144B129900026592 /* CoreGraphics.framework */,
			);
			name = Frameworks;
			sourceTree = "<group>";
		};
		91AAD3CA144B129900026592 /* GVController */ = {
			isa = PBXGroup;
			children = (
				91AAD409144B26C100026592 /* New Group */,
				91AAD3E1144B13EB00026592 /* GVControl */,
				91AAD3D3144B129900026592 /* GVAppDelegate.h */,
				91AAD3D4144B129900026592 /* GVAppDelegate.m */,
				91AAD3D9144B129900026592 /* GVViewController.xib */,
				91AAD3CB144B129900026592 /* Supporting Files */,
			);
			path = GVController;
			sourceTree = "<group>";
		};
		91AAD3CB144B129900026592 /* Supporting Files */ = {
			isa = PBXGroup;
			children = (
				91302CB01464384D009CABAF /* AQGrid */,
				91AAD3CC144B129900026592 /* GVController-Info.plist */,
				91AAD3CD144B129900026592 /* InfoPlist.strings */,
				91AAD3D0144B129900026592 /* main.m */,
				91AAD3D2144B129900026592 /* GVController-Prefix.pch */,
			);
			name = "Supporting Files";
			sourceTree = "<group>";
		};
		91AAD3E1144B13EB00026592 /* GVControl */ = {
			isa = PBXGroup;
			children = (
				91AAD3D6144B129900026592 /* GVViewController.h */,
				91AAD3D7144B129900026592 /* GVViewController.m */,
				91AAD406144B164600026592 /* GVCell.h */,
				91AAD407144B164600026592 /* GVCell.m */,
				91B6A87D146471590099C21B /* GVItemProtocol.h */,
			);
			name = GVControl;
			sourceTree = "<group>";
		};
		91AAD409144B26C100026592 /* New Group */ = {
			isa = PBXGroup;
			children = (
				91AAD40A144B26D700026592 /* BViewController.h */,
				91AAD40B144B26D700026592 /* BViewController.m */,
				91AAD40C144B26D700026592 /* BViewController.xib */,
			);
			name = "New Group";
			sourceTree = "<group>";
		};
/* End PBXGroup section */

/* Begin PBXNativeTarget section */
		91AAD3BF144B129900026592 /* GVController */ = {
			isa = PBXNativeTarget;
			buildConfigurationList = 91AAD3DE144B129900026592 /* Build configuration list for PBXNativeTarget "GVController" */;
			buildPhases = (
				91AAD3BC144B129900026592 /* Sources */,
				91AAD3BD144B129900026592 /* Frameworks */,
				91AAD3BE144B129900026592 /* Resources */,
			);
			buildRules = (
			);
			dependencies = (
			);
			name = GVController;
			productName = GVController;
			productReference = 91AAD3C0144B129900026592 /* GVController.app */;
			productType = "com.apple.product-type.application";
		};
/* End PBXNativeTarget section */

/* Begin PBXProject section */
		91AAD3B7144B129900026592 /* Project object */ = {
			isa = PBXProject;
			attributes = {
				LastUpgradeCheck = 0420;
				ORGANIZATIONNAME = "JWMM Software";
			};
			buildConfigurationList = 91AAD3BA144B129900026592 /* Build configuration list for PBXProject "GVController" */;
			compatibilityVersion = "Xcode 3.2";
			developmentRegion = English;
			hasScannedForEncodings = 0;
			knownRegions = (
				en,
			);
			mainGroup = 91AAD3B5144B129900026592;
			productRefGroup = 91AAD3C1144B129900026592 /* Products */;
			projectDirPath = "";
			projectRoot = "";
			targets = (
				91AAD3BF144B129900026592 /* GVController */,
			);
		};
/* End PBXProject section */

/* Begin PBXResourcesBuildPhase section */
		91AAD3BE144B129900026592 /* Resources */ = {
			isa = PBXResourcesBuildPhase;
			buildActionMask = 2147483647;
			files = (
				91AAD3CF144B129900026592 /* InfoPlist.strings in Resources */,
				91AAD3DB144B129900026592 /* GVViewController.xib in Resources */,
				91AAD40E144B26D700026592 /* BViewController.xib in Resources */,
			);
			runOnlyForDeploymentPostprocessing = 0;
		};
/* End PBXResourcesBuildPhase section */

/* Begin PBXSourcesBuildPhase section */
		91AAD3BC144B129900026592 /* Sources */ = {
			isa = PBXSourcesBuildPhase;
			buildActionMask = 2147483647;
			files = (
				91AAD3D1144B129900026592 /* main.m in Sources */,
				91AAD3D5144B129900026592 /* GVAppDelegate.m in Sources */,
				91AAD3D8144B129900026592 /* GVViewController.m in Sources */,
				91AAD408144B164600026592 /* GVCell.m in Sources */,
				91AAD40D144B26D700026592 /* BViewController.m in Sources */,
				91302CC814643881009CABAF /* AQGridView.m in Sources */,
				91302CC914643881009CABAF /* AQGridViewAnimatorItem.m in Sources */,
				91302CCA14643881009CABAF /* AQGridViewCell.m in Sources */,
				91302CCB14643881009CABAF /* AQGridViewController.m in Sources */,
				91302CCC14643881009CABAF /* AQGridViewData.m in Sources */,
				91302CCD14643881009CABAF /* AQGridViewUpdateInfo.m in Sources */,
				91302CCE14643881009CABAF /* AQGridViewUpdateItem.m in Sources */,
				91302CCF14643881009CABAF /* NSIndexSet+AQIndexesOutsideSet.m in Sources */,
				91302CD014643881009CABAF /* NSIndexSet+AQIsSetContiguous.m in Sources */,
				91302CD114643881009CABAF /* UIColor+AQGridView.m in Sources */,
			);
			runOnlyForDeploymentPostprocessing = 0;
		};
/* End PBXSourcesBuildPhase section */

/* Begin PBXVariantGroup section */
		91AAD3CD144B129900026592 /* InfoPlist.strings */ = {
			isa = PBXVariantGroup;
			children = (
				91AAD3CE144B129900026592 /* en */,
			);
			name = InfoPlist.strings;
			sourceTree = "<group>";
		};
		91AAD3D9144B129900026592 /* GVViewController.xib */ = {
			isa = PBXVariantGroup;
			children = (
				91AAD3DA144B129900026592 /* en */,
			);
			name = GVViewController.xib;
			sourceTree = "<group>";
		};
/* End PBXVariantGroup section */

/* Begin XCBuildConfiguration section */
		91AAD3DC144B129900026592 /* Debug */ = {
			isa = XCBuildConfiguration;
			buildSettings = {
				ALWAYS_SEARCH_USER_PATHS = NO;
				ARCHS = "$(ARCHS_STANDARD_32_BIT)";
				CLANG_ENABLE_OBJC_ARC = YES;
				"CODE_SIGN_IDENTITY[sdk=iphoneos*]" = "iPhone Developer";
				COPY_PHASE_STRIP = NO;
				GCC_C_LANGUAGE_STANDARD = gnu99;
				GCC_DYNAMIC_NO_PIC = NO;
				GCC_OPTIMIZATION_LEVEL = 0;
				GCC_PREPROCESSOR_DEFINITIONS = (
					"DEBUG=1",
					"$(inherited)",
				);
				GCC_SYMBOLS_PRIVATE_EXTERN = NO;
				GCC_VERSION = com.apple.compilers.llvm.clang.1_0;
				GCC_WARN_ABOUT_MISSING_PROTOTYPES = YES;
				GCC_WARN_ABOUT_RETURN_TYPE = YES;
				GCC_WARN_UNUSED_VARIABLE = YES;
				"HEADER_SEARCH_PATHS[arch=*]" = ../;
				IPHONEOS_DEPLOYMENT_TARGET = 5.0;
				SDKROOT = iphoneos;
				TARGETED_DEVICE_FAMILY = 2;
				USER_HEADER_SEARCH_PATHS = "../../**";
			};
			name = Debug;
		};
		91AAD3DD144B129900026592 /* Release */ = {
			isa = XCBuildConfiguration;
			buildSettings = {
				ALWAYS_SEARCH_USER_PATHS = NO;
				ARCHS = "$(ARCHS_STANDARD_32_BIT)";
				CLANG_ENABLE_OBJC_ARC = YES;
				"CODE_SIGN_IDENTITY[sdk=iphoneos*]" = "iPhone Developer";
				COPY_PHASE_STRIP = YES;
				GCC_C_LANGUAGE_STANDARD = gnu99;
				GCC_VERSION = com.apple.compilers.llvm.clang.1_0;
				GCC_WARN_ABOUT_MISSING_PROTOTYPES = YES;
				GCC_WARN_ABOUT_RETURN_TYPE = YES;
				GCC_WARN_UNUSED_VARIABLE = YES;
				IPHONEOS_DEPLOYMENT_TARGET = 5.0;
				OTHER_CFLAGS = "-DNS_BLOCK_ASSERTIONS=1";
				SDKROOT = iphoneos;
				TARGETED_DEVICE_FAMILY = 2;
				USER_HEADER_SEARCH_PATHS = "../../**";
				VALIDATE_PRODUCT = YES;
			};
			name = Release;
		};
		91AAD3DF144B129900026592 /* Debug */ = {
			isa = XCBuildConfiguration;
			buildSettings = {
				GCC_PRECOMPILE_PREFIX_HEADER = YES;
				GCC_PREFIX_HEADER = "GVController/GVController-Prefix.pch";
				INFOPLIST_FILE = "GVController/GVController-Info.plist";
				LIBRARY_SEARCH_PATHS = (
					"$(inherited)",
					"\"$(SRCROOT)\"",
				);
				PRODUCT_NAME = "$(TARGET_NAME)";
				WRAPPER_EXTENSION = app;
			};
			name = Debug;
		};
		91AAD3E0144B129900026592 /* Release */ = {
			isa = XCBuildConfiguration;
			buildSettings = {
				GCC_PRECOMPILE_PREFIX_HEADER = YES;
				GCC_PREFIX_HEADER = "GVController/GVController-Prefix.pch";
				INFOPLIST_FILE = "GVController/GVController-Info.plist";
				LIBRARY_SEARCH_PATHS = (
					"$(inherited)",
					"\"$(SRCROOT)\"",
				);
				PRODUCT_NAME = "$(TARGET_NAME)";
				WRAPPER_EXTENSION = app;
			};
			name = Release;
		};
/* End XCBuildConfiguration section */

/* Begin XCConfigurationList section */
		91AAD3BA144B129900026592 /* Build configuration list for PBXProject "GVController" */ = {
			isa = XCConfigurationList;
			buildConfigurations = (
				91AAD3DC144B129900026592 /* Debug */,
				91AAD3DD144B129900026592 /* Release */,
			);
			defaultConfigurationIsVisible = 0;
			defaultConfigurationName = Release;
		};
		91AAD3DE144B129900026592 /* Build configuration list for PBXNativeTarget "GVController" */ = {
			isa = XCConfigurationList;
			buildConfigurations = (
				91AAD3DF144B129900026592 /* Debug */,
				91AAD3E0144B129900026592 /* Release */,
			);
			defaultConfigurationIsVisible = 0;
			defaultConfigurationName = Release;
		};
/* End XCConfigurationList section */
	};
	rootObject = 91AAD3B7144B129900026592 /* Project object */;
}
