// !$*UTF8*$!
{
	archiveVersion = 1;
	classes = {
	};
	objectVersion = 46;
	objects = {

/* Begin PBXBuildFile section */
		913A44841449D32B00F8ED46 /* UIKit.framework in Frameworks */ = {isa = PBXBuildFile; fileRef = 913A44831449D32B00F8ED46 /* UIKit.framework */; };
		913A44861449D32B00F8ED46 /* Foundation.framework in Frameworks */ = {isa = PBXBuildFile; fileRef = 913A44851449D32B00F8ED46 /* Foundation.framework */; };
		913A44881449D32B00F8ED46 /* CoreGraphics.framework in Frameworks */ = {isa = PBXBuildFile; fileRef = 913A44871449D32B00F8ED46 /* CoreGraphics.framework */; };
		913A448E1449D32B00F8ED46 /* InfoPlist.strings in Resources */ = {isa = PBXBuildFile; fileRef = 913A448C1449D32B00F8ED46 /* InfoPlist.strings */; };
		913A44901449D32B00F8ED46 /* main.m in Sources */ = {isa = PBXBuildFile; fileRef = 913A448F1449D32B00F8ED46 /* main.m */; };
		913A44941449D32B00F8ED46 /* JWAppDelegate.m in Sources */ = {isa = PBXBuildFile; fileRef = 913A44931449D32B00F8ED46 /* JWAppDelegate.m */; };
		913A44971449D32B00F8ED46 /* MainStoryboard.storyboard in Resources */ = {isa = PBXBuildFile; fileRef = 913A44951449D32B00F8ED46 /* MainStoryboard.storyboard */; };
		913A449A1449D32B00F8ED46 /* JWViewController.m in Sources */ = {isa = PBXBuildFile; fileRef = 913A44991449D32B00F8ED46 /* JWViewController.m */; };
		913A44A21449D32B00F8ED46 /* SenTestingKit.framework in Frameworks */ = {isa = PBXBuildFile; fileRef = 913A44A11449D32B00F8ED46 /* SenTestingKit.framework */; };
		913A44A31449D32B00F8ED46 /* UIKit.framework in Frameworks */ = {isa = PBXBuildFile; fileRef = 913A44831449D32B00F8ED46 /* UIKit.framework */; };
		913A44A41449D32B00F8ED46 /* Foundation.framework in Frameworks */ = {isa = PBXBuildFile; fileRef = 913A44851449D32B00F8ED46 /* Foundation.framework */; };
		913A44AC1449D32B00F8ED46 /* InfoPlist.strings in Resources */ = {isa = PBXBuildFile; fileRef = 913A44AA1449D32B00F8ED46 /* InfoPlist.strings */; };
		913A44AF1449D32B00F8ED46 /* GridViewControllerTests.m in Sources */ = {isa = PBXBuildFile; fileRef = 913A44AE1449D32B00F8ED46 /* GridViewControllerTests.m */; };
		913A44D01449D3C000F8ED46 /* AQGridView.m in Sources */ = {isa = PBXBuildFile; fileRef = 913A44BC1449D3C000F8ED46 /* AQGridView.m */; settings = {COMPILER_FLAGS = "-fno-objc-arc"; }; };
		913A44D11449D3C000F8ED46 /* AQGridViewAnimatorItem.m in Sources */ = {isa = PBXBuildFile; fileRef = 913A44BE1449D3C000F8ED46 /* AQGridViewAnimatorItem.m */; settings = {COMPILER_FLAGS = "-fno-objc-arc"; }; };
		913A44D21449D3C000F8ED46 /* AQGridViewCell.m in Sources */ = {isa = PBXBuildFile; fileRef = 913A44C11449D3C000F8ED46 /* AQGridViewCell.m */; settings = {COMPILER_FLAGS = "-fno-objc-arc"; }; };
		913A44D31449D3C000F8ED46 /* AQGridViewController.m in Sources */ = {isa = PBXBuildFile; fileRef = 913A44C31449D3C000F8ED46 /* AQGridViewController.m */; settings = {COMPILER_FLAGS = "-fno-objc-arc"; }; };
		913A44D41449D3C000F8ED46 /* AQGridViewData.m in Sources */ = {isa = PBXBuildFile; fileRef = 913A44C51449D3C000F8ED46 /* AQGridViewData.m */; settings = {COMPILER_FLAGS = "-fno-objc-arc"; }; };
		913A44D51449D3C000F8ED46 /* AQGridViewUpdateInfo.m in Sources */ = {isa = PBXBuildFile; fileRef = 913A44C71449D3C000F8ED46 /* AQGridViewUpdateInfo.m */; settings = {COMPILER_FLAGS = "-fno-objc-arc"; }; };
		913A44D61449D3C000F8ED46 /* AQGridViewUpdateItem.m in Sources */ = {isa = PBXBuildFile; fileRef = 913A44C91449D3C000F8ED46 /* AQGridViewUpdateItem.m */; settings = {COMPILER_FLAGS = "-fno-objc-arc"; }; };
		913A44D71449D3C000F8ED46 /* NSIndexSet+AQIndexesOutsideSet.m in Sources */ = {isa = PBXBuildFile; fileRef = 913A44CB1449D3C000F8ED46 /* NSIndexSet+AQIndexesOutsideSet.m */; settings = {COMPILER_FLAGS = "-fno-objc-arc"; }; };
		913A44D81449D3C000F8ED46 /* NSIndexSet+AQIsSetContiguous.m in Sources */ = {isa = PBXBuildFile; fileRef = 913A44CD1449D3C000F8ED46 /* NSIndexSet+AQIsSetContiguous.m */; settings = {COMPILER_FLAGS = "-fno-objc-arc"; }; };
		913A44D91449D3C000F8ED46 /* UIColor+AQGridView.m in Sources */ = {isa = PBXBuildFile; fileRef = 913A44CF1449D3C000F8ED46 /* UIColor+AQGridView.m */; settings = {COMPILER_FLAGS = "-fno-objc-arc"; }; };
		913A44DB1449D45800F8ED46 /* QuartzCore.framework in Frameworks */ = {isa = PBXBuildFile; fileRef = 913A44DA1449D45800F8ED46 /* QuartzCore.framework */; };
/* End PBXBuildFile section */

/* Begin PBXContainerItemProxy section */
		913A44A51449D32B00F8ED46 /* PBXContainerItemProxy */ = {
			isa = PBXContainerItemProxy;
			containerPortal = 913A44761449D32B00F8ED46 /* Project object */;
			proxyType = 1;
			remoteGlobalIDString = 913A447E1449D32B00F8ED46;
			remoteInfo = GridViewController;
		};
/* End PBXContainerItemProxy section */

/* Begin PBXFileReference section */
		913A447F1449D32B00F8ED46 /* GridViewController.app */ = {isa = PBXFileReference; explicitFileType = wrapper.application; includeInIndex = 0; path = GridViewController.app; sourceTree = BUILT_PRODUCTS_DIR; };
		913A44831449D32B00F8ED46 /* UIKit.framework */ = {isa = PBXFileReference; lastKnownFileType = wrapper.framework; name = UIKit.framework; path = System/Library/Frameworks/UIKit.framework; sourceTree = SDKROOT; };
		913A44851449D32B00F8ED46 /* Foundation.framework */ = {isa = PBXFileReference; lastKnownFileType = wrapper.framework; name = Foundation.framework; path = System/Library/Frameworks/Foundation.framework; sourceTree = SDKROOT; };
		913A44871449D32B00F8ED46 /* CoreGraphics.framework */ = {isa = PBXFileReference; lastKnownFileType = wrapper.framework; name = CoreGraphics.framework; path = System/Library/Frameworks/CoreGraphics.framework; sourceTree = SDKROOT; };
		913A448B1449D32B00F8ED46 /* GridViewController-Info.plist */ = {isa = PBXFileReference; lastKnownFileType = text.plist.xml; path = "GridViewController-Info.plist"; sourceTree = "<group>"; };
		913A448D1449D32B00F8ED46 /* en */ = {isa = PBXFileReference; lastKnownFileType = text.plist.strings; name = en; path = en.lproj/InfoPlist.strings; sourceTree = "<group>"; };
		913A448F1449D32B00F8ED46 /* main.m */ = {isa = PBXFileReference; lastKnownFileType = sourcecode.c.objc; path = main.m; sourceTree = "<group>"; };
		913A44911449D32B00F8ED46 /* GridViewController-Prefix.pch */ = {isa = PBXFileReference; lastKnownFileType = sourcecode.c.h; path = "GridViewController-Prefix.pch"; sourceTree = "<group>"; };
		913A44921449D32B00F8ED46 /* JWAppDelegate.h */ = {isa = PBXFileReference; lastKnownFileType = sourcecode.c.h; path = JWAppDelegate.h; sourceTree = "<group>"; };
		913A44931449D32B00F8ED46 /* JWAppDelegate.m */ = {isa = PBXFileReference; lastKnownFileType = sourcecode.c.objc; path = JWAppDelegate.m; sourceTree = "<group>"; };
		913A44961449D32B00F8ED46 /* en */ = {isa = PBXFileReference; lastKnownFileType = file.storyboard; name = en; path = en.lproj/MainStoryboard.storyboard; sourceTree = "<group>"; };
		913A44981449D32B00F8ED46 /* JWViewController.h */ = {isa = PBXFileReference; lastKnownFileType = sourcecode.c.h; path = JWViewController.h; sourceTree = "<group>"; };
		913A44991449D32B00F8ED46 /* JWViewController.m */ = {isa = PBXFileReference; lastKnownFileType = sourcecode.c.objc; path = JWViewController.m; sourceTree = "<group>"; };
		913A44A01449D32B00F8ED46 /* GridViewControllerTests.octest */ = {isa = PBXFileReference; explicitFileType = wrapper.cfbundle; includeInIndex = 0; path = GridViewControllerTests.octest; sourceTree = BUILT_PRODUCTS_DIR; };
		913A44A11449D32B00F8ED46 /* SenTestingKit.framework */ = {isa = PBXFileReference; lastKnownFileType = wrapper.framework; name = SenTestingKit.framework; path = Library/Frameworks/SenTestingKit.framework; sourceTree = DEVELOPER_DIR; };
		913A44A91449D32B00F8ED46 /* GridViewControllerTests-Info.plist */ = {isa = PBXFileReference; lastKnownFileType = text.plist.xml; path = "GridViewControllerTests-Info.plist"; sourceTree = "<group>"; };
		913A44AB1449D32B00F8ED46 /* en */ = {isa = PBXFileReference; lastKnownFileType = text.plist.strings; name = en; path = en.lproj/InfoPlist.strings; sourceTree = "<group>"; };
		913A44AD1449D32B00F8ED46 /* GridViewControllerTests.h */ = {isa = PBXFileReference; lastKnownFileType = sourcecode.c.h; path = GridViewControllerTests.h; sourceTree = "<group>"; };
		913A44AE1449D32B00F8ED46 /* GridViewControllerTests.m */ = {isa = PBXFileReference; lastKnownFileType = sourcecode.c.objc; path = GridViewControllerTests.m; sourceTree = "<group>"; };
		913A44B91449D3C000F8ED46 /* AQGridView+CellLayout.h */ = {isa = PBXFileReference; fileEncoding = 4; lastKnownFileType = sourcecode.c.h; path = "AQGridView+CellLayout.h"; sourceTree = "<group>"; };
		913A44BA1449D3C000F8ED46 /* AQGridView+CellLocationDelegation.h */ = {isa = PBXFileReference; fileEncoding = 4; lastKnownFileType = sourcecode.c.h; path = "AQGridView+CellLocationDelegation.h"; sourceTree = "<group>"; };
		913A44BB1449D3C000F8ED46 /* AQGridView.h */ = {isa = PBXFileReference; fileEncoding = 4; lastKnownFileType = sourcecode.c.h; path = AQGridView.h; sourceTree = "<group>"; };
		913A44BC1449D3C000F8ED46 /* AQGridView.m */ = {isa = PBXFileReference; fileEncoding = 4; lastKnownFileType = sourcecode.c.objc; path = AQGridView.m; sourceTree = "<group>"; };
		913A44BD1449D3C000F8ED46 /* AQGridViewAnimatorItem.h */ = {isa = PBXFileReference; fileEncoding = 4; lastKnownFileType = sourcecode.c.h; path = AQGridViewAnimatorItem.h; sourceTree = "<group>"; };
		913A44BE1449D3C000F8ED46 /* AQGridViewAnimatorItem.m */ = {isa = PBXFileReference; fileEncoding = 4; lastKnownFileType = sourcecode.c.objc; path = AQGridViewAnimatorItem.m; sourceTree = "<group>"; };
		913A44BF1449D3C000F8ED46 /* AQGridViewCell+AQGridViewCellPrivate.h */ = {isa = PBXFileReference; fileEncoding = 4; lastKnownFileType = sourcecode.c.h; path = "AQGridViewCell+AQGridViewCellPrivate.h"; sourceTree = "<group>"; };
		913A44C01449D3C000F8ED46 /* AQGridViewCell.h */ = {isa = PBXFileReference; fileEncoding = 4; lastKnownFileType = sourcecode.c.h; path = AQGridViewCell.h; sourceTree = "<group>"; };
		913A44C11449D3C000F8ED46 /* AQGridViewCell.m */ = {isa = PBXFileReference; fileEncoding = 4; lastKnownFileType = sourcecode.c.objc; path = AQGridViewCell.m; sourceTree = "<group>"; };
		913A44C21449D3C000F8ED46 /* AQGridViewController.h */ = {isa = PBXFileReference; fileEncoding = 4; lastKnownFileType = sourcecode.c.h; path = AQGridViewController.h; sourceTree = "<group>"; };
		913A44C31449D3C000F8ED46 /* AQGridViewController.m */ = {isa = PBXFileReference; fileEncoding = 4; lastKnownFileType = sourcecode.c.objc; path = AQGridViewController.m; sourceTree = "<group>"; };
		913A44C41449D3C000F8ED46 /* AQGridViewData.h */ = {isa = PBXFileReference; fileEncoding = 4; lastKnownFileType = sourcecode.c.h; path = AQGridViewData.h; sourceTree = "<group>"; };
		913A44C51449D3C000F8ED46 /* AQGridViewData.m */ = {isa = PBXFileReference; fileEncoding = 4; lastKnownFileType = sourcecode.c.objc; path = AQGridViewData.m; sourceTree = "<group>"; };
		913A44C61449D3C000F8ED46 /* AQGridViewUpdateInfo.h */ = {isa = PBXFileReference; fileEncoding = 4; lastKnownFileType = sourcecode.c.h; path = AQGridViewUpdateInfo.h; sourceTree = "<group>"; };
		913A44C71449D3C000F8ED46 /* AQGridViewUpdateInfo.m */ = {isa = PBXFileReference; fileEncoding = 4; lastKnownFileType = sourcecode.c.objc; path = AQGridViewUpdateInfo.m; sourceTree = "<group>"; };
		913A44C81449D3C000F8ED46 /* AQGridViewUpdateItem.h */ = {isa = PBXFileReference; fileEncoding = 4; lastKnownFileType = sourcecode.c.h; path = AQGridViewUpdateItem.h; sourceTree = "<group>"; };
		913A44C91449D3C000F8ED46 /* AQGridViewUpdateItem.m */ = {isa = PBXFileReference; fileEncoding = 4; lastKnownFileType = sourcecode.c.objc; path = AQGridViewUpdateItem.m; sourceTree = "<group>"; };
		913A44CA1449D3C000F8ED46 /* NSIndexSet+AQIndexesOutsideSet.h */ = {isa = PBXFileReference; fileEncoding = 4; lastKnownFileType = sourcecode.c.h; path = "NSIndexSet+AQIndexesOutsideSet.h"; sourceTree = "<group>"; };
		913A44CB1449D3C000F8ED46 /* NSIndexSet+AQIndexesOutsideSet.m */ = {isa = PBXFileReference; fileEncoding = 4; lastKnownFileType = sourcecode.c.objc; path = "NSIndexSet+AQIndexesOutsideSet.m"; sourceTree = "<group>"; };
		913A44CC1449D3C000F8ED46 /* NSIndexSet+AQIsSetContiguous.h */ = {isa = PBXFileReference; fileEncoding = 4; lastKnownFileType = sourcecode.c.h; path = "NSIndexSet+AQIsSetContiguous.h"; sourceTree = "<group>"; };
		913A44CD1449D3C000F8ED46 /* NSIndexSet+AQIsSetContiguous.m */ = {isa = PBXFileReference; fileEncoding = 4; lastKnownFileType = sourcecode.c.objc; path = "NSIndexSet+AQIsSetContiguous.m"; sourceTree = "<group>"; };
		913A44CE1449D3C000F8ED46 /* UIColor+AQGridView.h */ = {isa = PBXFileReference; fileEncoding = 4; lastKnownFileType = sourcecode.c.h; path = "UIColor+AQGridView.h"; sourceTree = "<group>"; };
		913A44CF1449D3C000F8ED46 /* UIColor+AQGridView.m */ = {isa = PBXFileReference; fileEncoding = 4; lastKnownFileType = sourcecode.c.objc; path = "UIColor+AQGridView.m"; sourceTree = "<group>"; };
		913A44DA1449D45800F8ED46 /* QuartzCore.framework */ = {isa = PBXFileReference; lastKnownFileType = wrapper.framework; name = QuartzCore.framework; path = System/Library/Frameworks/QuartzCore.framework; sourceTree = SDKROOT; };
/* End PBXFileReference section */

/* Begin PBXFrameworksBuildPhase section */
		913A447C1449D32B00F8ED46 /* Frameworks */ = {
			isa = PBXFrameworksBuildPhase;
			buildActionMask = 2147483647;
			files = (
				913A44DB1449D45800F8ED46 /* QuartzCore.framework in Frameworks */,
				913A44841449D32B00F8ED46 /* UIKit.framework in Frameworks */,
				913A44861449D32B00F8ED46 /* Foundation.framework in Frameworks */,
				913A44881449D32B00F8ED46 /* CoreGraphics.framework in Frameworks */,
			);
			runOnlyForDeploymentPostprocessing = 0;
		};
		913A449C1449D32B00F8ED46 /* Frameworks */ = {
			isa = PBXFrameworksBuildPhase;
			buildActionMask = 2147483647;
			files = (
				913A44A21449D32B00F8ED46 /* SenTestingKit.framework in Frameworks */,
				913A44A31449D32B00F8ED46 /* UIKit.framework in Frameworks */,
				913A44A41449D32B00F8ED46 /* Foundation.framework in Frameworks */,
			);
			runOnlyForDeploymentPostprocessing = 0;
		};
/* End PBXFrameworksBuildPhase section */

/* Begin PBXGroup section */
		913A44741449D32B00F8ED46 = {
			isa = PBXGroup;
			children = (
				913A44DA1449D45800F8ED46 /* QuartzCore.framework */,
				913A44891449D32B00F8ED46 /* GridViewController */,
				913A44A71449D32B00F8ED46 /* GridViewControllerTests */,
				913A44821449D32B00F8ED46 /* Frameworks */,
				913A44801449D32B00F8ED46 /* Products */,
			);
			sourceTree = "<group>";
		};
		913A44801449D32B00F8ED46 /* Products */ = {
			isa = PBXGroup;
			children = (
				913A447F1449D32B00F8ED46 /* GridViewController.app */,
				913A44A01449D32B00F8ED46 /* GridViewControllerTests.octest */,
			);
			name = Products;
			sourceTree = "<group>";
		};
		913A44821449D32B00F8ED46 /* Frameworks */ = {
			isa = PBXGroup;
			children = (
				913A44831449D32B00F8ED46 /* UIKit.framework */,
				913A44851449D32B00F8ED46 /* Foundation.framework */,
				913A44871449D32B00F8ED46 /* CoreGraphics.framework */,
				913A44A11449D32B00F8ED46 /* SenTestingKit.framework */,
			);
			name = Frameworks;
			sourceTree = "<group>";
		};
		913A44891449D32B00F8ED46 /* GridViewController */ = {
			isa = PBXGroup;
			children = (
				913A44921449D32B00F8ED46 /* JWAppDelegate.h */,
				913A44931449D32B00F8ED46 /* JWAppDelegate.m */,
				913A44951449D32B00F8ED46 /* MainStoryboard.storyboard */,
				913A44981449D32B00F8ED46 /* JWViewController.h */,
				913A44991449D32B00F8ED46 /* JWViewController.m */,
				913A44B81449D3C000F8ED46 /* Classes */,
				913A448A1449D32B00F8ED46 /* Supporting Files */,
			);
			path = GridViewController;
			sourceTree = "<group>";
		};
		913A448A1449D32B00F8ED46 /* Supporting Files */ = {
			isa = PBXGroup;
			children = (
				913A448B1449D32B00F8ED46 /* GridViewController-Info.plist */,
				913A448C1449D32B00F8ED46 /* InfoPlist.strings */,
				913A448F1449D32B00F8ED46 /* main.m */,
				913A44911449D32B00F8ED46 /* GridViewController-Prefix.pch */,
			);
			name = "Supporting Files";
			sourceTree = "<group>";
		};
		913A44A71449D32B00F8ED46 /* GridViewControllerTests */ = {
			isa = PBXGroup;
			children = (
				913A44AD1449D32B00F8ED46 /* GridViewControllerTests.h */,
				913A44AE1449D32B00F8ED46 /* GridViewControllerTests.m */,
				913A44A81449D32B00F8ED46 /* Supporting Files */,
			);
			path = GridViewControllerTests;
			sourceTree = "<group>";
		};
		913A44A81449D32B00F8ED46 /* Supporting Files */ = {
			isa = PBXGroup;
			children = (
				913A44A91449D32B00F8ED46 /* GridViewControllerTests-Info.plist */,
				913A44AA1449D32B00F8ED46 /* InfoPlist.strings */,
			);
			name = "Supporting Files";
			sourceTree = "<group>";
		};
		913A44B81449D3C000F8ED46 /* Classes */ = {
			isa = PBXGroup;
			children = (
				913A44B91449D3C000F8ED46 /* AQGridView+CellLayout.h */,
				913A44BA1449D3C000F8ED46 /* AQGridView+CellLocationDelegation.h */,
				913A44BB1449D3C000F8ED46 /* AQGridView.h */,
				913A44BC1449D3C000F8ED46 /* AQGridView.m */,
				913A44BD1449D3C000F8ED46 /* AQGridViewAnimatorItem.h */,
				913A44BE1449D3C000F8ED46 /* AQGridViewAnimatorItem.m */,
				913A44BF1449D3C000F8ED46 /* AQGridViewCell+AQGridViewCellPrivate.h */,
				913A44C01449D3C000F8ED46 /* AQGridViewCell.h */,
				913A44C11449D3C000F8ED46 /* AQGridViewCell.m */,
				913A44C21449D3C000F8ED46 /* AQGridViewController.h */,
				913A44C31449D3C000F8ED46 /* AQGridViewController.m */,
				913A44C41449D3C000F8ED46 /* AQGridViewData.h */,
				913A44C51449D3C000F8ED46 /* AQGridViewData.m */,
				913A44C61449D3C000F8ED46 /* AQGridViewUpdateInfo.h */,
				913A44C71449D3C000F8ED46 /* AQGridViewUpdateInfo.m */,
				913A44C81449D3C000F8ED46 /* AQGridViewUpdateItem.h */,
				913A44C91449D3C000F8ED46 /* AQGridViewUpdateItem.m */,
				913A44CA1449D3C000F8ED46 /* NSIndexSet+AQIndexesOutsideSet.h */,
				913A44CB1449D3C000F8ED46 /* NSIndexSet+AQIndexesOutsideSet.m */,
				913A44CC1449D3C000F8ED46 /* NSIndexSet+AQIsSetContiguous.h */,
				913A44CD1449D3C000F8ED46 /* NSIndexSet+AQIsSetContiguous.m */,
				913A44CE1449D3C000F8ED46 /* UIColor+AQGridView.h */,
				913A44CF1449D3C000F8ED46 /* UIColor+AQGridView.m */,
			);
			path = Classes;
			sourceTree = "<group>";
		};
/* End PBXGroup section */

/* Begin PBXNativeTarget section */
		913A447E1449D32B00F8ED46 /* GridViewController */ = {
			isa = PBXNativeTarget;
			buildConfigurationList = 913A44B21449D32B00F8ED46 /* Build configuration list for PBXNativeTarget "GridViewController" */;
			buildPhases = (
				913A447B1449D32B00F8ED46 /* Sources */,
				913A447C1449D32B00F8ED46 /* Frameworks */,
				913A447D1449D32B00F8ED46 /* Resources */,
			);
			buildRules = (
			);
			dependencies = (
			);
			name = GridViewController;
			productName = GridViewController;
			productReference = 913A447F1449D32B00F8ED46 /* GridViewController.app */;
			productType = "com.apple.product-type.application";
		};
		913A449F1449D32B00F8ED46 /* GridViewControllerTests */ = {
			isa = PBXNativeTarget;
			buildConfigurationList = 913A44B51449D32B00F8ED46 /* Build configuration list for PBXNativeTarget "GridViewControllerTests" */;
			buildPhases = (
				913A449B1449D32B00F8ED46 /* Sources */,
				913A449C1449D32B00F8ED46 /* Frameworks */,
				913A449D1449D32B00F8ED46 /* Resources */,
				913A449E1449D32B00F8ED46 /* ShellScript */,
			);
			buildRules = (
			);
			dependencies = (
				913A44A61449D32B00F8ED46 /* PBXTargetDependency */,
			);
			name = GridViewControllerTests;
			productName = GridViewControllerTests;
			productReference = 913A44A01449D32B00F8ED46 /* GridViewControllerTests.octest */;
			productType = "com.apple.product-type.bundle";
		};
/* End PBXNativeTarget section */

/* Begin PBXProject section */
		913A44761449D32B00F8ED46 /* Project object */ = {
			isa = PBXProject;
			attributes = {
				LastUpgradeCheck = 0420;
				ORGANIZATIONNAME = "JWMM Software";
			};
			buildConfigurationList = 913A44791449D32B00F8ED46 /* Build configuration list for PBXProject "GridViewController" */;
			compatibilityVersion = "Xcode 3.2";
			developmentRegion = English;
			hasScannedForEncodings = 0;
			knownRegions = (
				en,
			);
			mainGroup = 913A44741449D32B00F8ED46;
			productRefGroup = 913A44801449D32B00F8ED46 /* Products */;
			projectDirPath = "";
			projectRoot = "";
			targets = (
				913A447E1449D32B00F8ED46 /* GridViewController */,
				913A449F1449D32B00F8ED46 /* GridViewControllerTests */,
			);
		};
/* End PBXProject section */

/* Begin PBXResourcesBuildPhase section */
		913A447D1449D32B00F8ED46 /* Resources */ = {
			isa = PBXResourcesBuildPhase;
			buildActionMask = 2147483647;
			files = (
				913A448E1449D32B00F8ED46 /* InfoPlist.strings in Resources */,
				913A44971449D32B00F8ED46 /* MainStoryboard.storyboard in Resources */,
			);
			runOnlyForDeploymentPostprocessing = 0;
		};
		913A449D1449D32B00F8ED46 /* Resources */ = {
			isa = PBXResourcesBuildPhase;
			buildActionMask = 2147483647;
			files = (
				913A44AC1449D32B00F8ED46 /* InfoPlist.strings in Resources */,
			);
			runOnlyForDeploymentPostprocessing = 0;
		};
/* End PBXResourcesBuildPhase section */

/* Begin PBXShellScriptBuildPhase section */
		913A449E1449D32B00F8ED46 /* ShellScript */ = {
			isa = PBXShellScriptBuildPhase;
			buildActionMask = 2147483647;
			files = (
			);
			inputPaths = (
			);
			outputPaths = (
			);
			runOnlyForDeploymentPostprocessing = 0;
			shellPath = /bin/sh;
			shellScript = "# Run the unit tests in this test bundle.\n\"${SYSTEM_DEVELOPER_DIR}/Tools/RunUnitTests\"\n";
		};
/* End PBXShellScriptBuildPhase section */

/* Begin PBXSourcesBuildPhase section */
		913A447B1449D32B00F8ED46 /* Sources */ = {
			isa = PBXSourcesBuildPhase;
			buildActionMask = 2147483647;
			files = (
				913A44901449D32B00F8ED46 /* main.m in Sources */,
				913A44941449D32B00F8ED46 /* JWAppDelegate.m in Sources */,
				913A449A1449D32B00F8ED46 /* JWViewController.m in Sources */,
				913A44D01449D3C000F8ED46 /* AQGridView.m in Sources */,
				913A44D11449D3C000F8ED46 /* AQGridViewAnimatorItem.m in Sources */,
				913A44D21449D3C000F8ED46 /* AQGridViewCell.m in Sources */,
				913A44D31449D3C000F8ED46 /* AQGridViewController.m in Sources */,
				913A44D41449D3C000F8ED46 /* AQGridViewData.m in Sources */,
				913A44D51449D3C000F8ED46 /* AQGridViewUpdateInfo.m in Sources */,
				913A44D61449D3C000F8ED46 /* AQGridViewUpdateItem.m in Sources */,
				913A44D71449D3C000F8ED46 /* NSIndexSet+AQIndexesOutsideSet.m in Sources */,
				913A44D81449D3C000F8ED46 /* NSIndexSet+AQIsSetContiguous.m in Sources */,
				913A44D91449D3C000F8ED46 /* UIColor+AQGridView.m in Sources */,
			);
			runOnlyForDeploymentPostprocessing = 0;
		};
		913A449B1449D32B00F8ED46 /* Sources */ = {
			isa = PBXSourcesBuildPhase;
			buildActionMask = 2147483647;
			files = (
				913A44AF1449D32B00F8ED46 /* GridViewControllerTests.m in Sources */,
			);
			runOnlyForDeploymentPostprocessing = 0;
		};
/* End PBXSourcesBuildPhase section */

/* Begin PBXTargetDependency section */
		913A44A61449D32B00F8ED46 /* PBXTargetDependency */ = {
			isa = PBXTargetDependency;
			target = 913A447E1449D32B00F8ED46 /* GridViewController */;
			targetProxy = 913A44A51449D32B00F8ED46 /* PBXContainerItemProxy */;
		};
/* End PBXTargetDependency section */

/* Begin PBXVariantGroup section */
		913A448C1449D32B00F8ED46 /* InfoPlist.strings */ = {
			isa = PBXVariantGroup;
			children = (
				913A448D1449D32B00F8ED46 /* en */,
			);
			name = InfoPlist.strings;
			sourceTree = "<group>";
		};
		913A44951449D32B00F8ED46 /* MainStoryboard.storyboard */ = {
			isa = PBXVariantGroup;
			children = (
				913A44961449D32B00F8ED46 /* en */,
			);
			name = MainStoryboard.storyboard;
			sourceTree = "<group>";
		};
		913A44AA1449D32B00F8ED46 /* InfoPlist.strings */ = {
			isa = PBXVariantGroup;
			children = (
				913A44AB1449D32B00F8ED46 /* en */,
			);
			name = InfoPlist.strings;
			sourceTree = "<group>";
		};
/* End PBXVariantGroup section */

/* Begin XCBuildConfiguration section */
		913A44B01449D32B00F8ED46 /* Debug */ = {
			isa = XCBuildConfiguration;
			buildSettings = {
				ALWAYS_SEARCH_USER_PATHS = NO;
				ARCHS = "$(ARCHS_STANDARD_32_BIT)";
				CLANG_ENABLE_OBJC_ARC = YES;
				"CODE_SIGN_IDENTITY[sdk=iphoneos*]" = "iPhone Developer";
				COPY_PHASE_STRIP = NO;
				GCC_C_LANGUAGE_STANDARD = gnu99;
				GCC_DYNAMIC_NO_PIC = NO;
				GCC_OPTIMIZATION_LEVEL = 0;
				GCC_PREPROCESSOR_DEFINITIONS = (
					"DEBUG=1",
					"$(inherited)",
				);
				GCC_SYMBOLS_PRIVATE_EXTERN = NO;
				GCC_VERSION = com.apple.compilers.llvm.clang.1_0;
				GCC_WARN_ABOUT_MISSING_PROTOTYPES = YES;
				GCC_WARN_ABOUT_RETURN_TYPE = YES;
				GCC_WARN_UNUSED_VARIABLE = YES;
				IPHONEOS_DEPLOYMENT_TARGET = 5.0;
				SDKROOT = iphoneos;
				TARGETED_DEVICE_FAMILY = 2;
			};
			name = Debug;
		};
		913A44B11449D32B00F8ED46 /* Release */ = {
			isa = XCBuildConfiguration;
			buildSettings = {
				ALWAYS_SEARCH_USER_PATHS = NO;
				ARCHS = "$(ARCHS_STANDARD_32_BIT)";
				CLANG_ENABLE_OBJC_ARC = YES;
				"CODE_SIGN_IDENTITY[sdk=iphoneos*]" = "iPhone Developer";
				COPY_PHASE_STRIP = YES;
				GCC_C_LANGUAGE_STANDARD = gnu99;
				GCC_VERSION = com.apple.compilers.llvm.clang.1_0;
				GCC_WARN_ABOUT_MISSING_PROTOTYPES = YES;
				GCC_WARN_ABOUT_RETURN_TYPE = YES;
				GCC_WARN_UNUSED_VARIABLE = YES;
				IPHONEOS_DEPLOYMENT_TARGET = 5.0;
				OTHER_CFLAGS = "-DNS_BLOCK_ASSERTIONS=1";
				SDKROOT = iphoneos;
				TARGETED_DEVICE_FAMILY = 2;
				VALIDATE_PRODUCT = YES;
			};
			name = Release;
		};
		913A44B31449D32B00F8ED46 /* Debug */ = {
			isa = XCBuildConfiguration;
			buildSettings = {
				GCC_PRECOMPILE_PREFIX_HEADER = YES;
				GCC_PREFIX_HEADER = "GridViewController/GridViewController-Prefix.pch";
				INFOPLIST_FILE = "GridViewController/GridViewController-Info.plist";
				PRODUCT_NAME = "$(TARGET_NAME)";
				WRAPPER_EXTENSION = app;
			};
			name = Debug;
		};
		913A44B41449D32B00F8ED46 /* Release */ = {
			isa = XCBuildConfiguration;
			buildSettings = {
				GCC_PRECOMPILE_PREFIX_HEADER = YES;
				GCC_PREFIX_HEADER = "GridViewController/GridViewController-Prefix.pch";
				INFOPLIST_FILE = "GridViewController/GridViewController-Info.plist";
				PRODUCT_NAME = "$(TARGET_NAME)";
				WRAPPER_EXTENSION = app;
			};
			name = Release;
		};
		913A44B61449D32B00F8ED46 /* Debug */ = {
			isa = XCBuildConfiguration;
			buildSettings = {
				BUNDLE_LOADER = "$(BUILT_PRODUCTS_DIR)/GridViewController.app/GridViewController";
				FRAMEWORK_SEARCH_PATHS = (
					"$(SDKROOT)/Developer/Library/Frameworks",
					"$(DEVELOPER_LIBRARY_DIR)/Frameworks",
				);
				GCC_PRECOMPILE_PREFIX_HEADER = YES;
				GCC_PREFIX_HEADER = "GridViewController/GridViewController-Prefix.pch";
				INFOPLIST_FILE = "GridViewControllerTests/GridViewControllerTests-Info.plist";
				PRODUCT_NAME = "$(TARGET_NAME)";
				TEST_HOST = "$(BUNDLE_LOADER)";
				WRAPPER_EXTENSION = octest;
			};
			name = Debug;
		};
		913A44B71449D32B00F8ED46 /* Release */ = {
			isa = XCBuildConfiguration;
			buildSettings = {
				BUNDLE_LOADER = "$(BUILT_PRODUCTS_DIR)/GridViewController.app/GridViewController";
				FRAMEWORK_SEARCH_PATHS = (
					"$(SDKROOT)/Developer/Library/Frameworks",
					"$(DEVELOPER_LIBRARY_DIR)/Frameworks",
				);
				GCC_PRECOMPILE_PREFIX_HEADER = YES;
				GCC_PREFIX_HEADER = "GridViewController/GridViewController-Prefix.pch";
				INFOPLIST_FILE = "GridViewControllerTests/GridViewControllerTests-Info.plist";
				PRODUCT_NAME = "$(TARGET_NAME)";
				TEST_HOST = "$(BUNDLE_LOADER)";
				WRAPPER_EXTENSION = octest;
			};
			name = Release;
		};
/* End XCBuildConfiguration section */

/* Begin XCConfigurationList section */
		913A44791449D32B00F8ED46 /* Build configuration list for PBXProject "GridViewController" */ = {
			isa = XCConfigurationList;
			buildConfigurations = (
				913A44B01449D32B00F8ED46 /* Debug */,
				913A44B11449D32B00F8ED46 /* Release */,
			);
			defaultConfigurationIsVisible = 0;
			defaultConfigurationName = Release;
		};
		913A44B21449D32B00F8ED46 /* Build configuration list for PBXNativeTarget "GridViewController" */ = {
			isa = XCConfigurationList;
			buildConfigurations = (
				913A44B31449D32B00F8ED46 /* Debug */,
				913A44B41449D32B00F8ED46 /* Release */,
			);
			defaultConfigurationIsVisible = 0;
		};
		913A44B51449D32B00F8ED46 /* Build configuration list for PBXNativeTarget "GridViewControllerTests" */ = {
			isa = XCConfigurationList;
			buildConfigurations = (
				913A44B61449D32B00F8ED46 /* Debug */,
				913A44B71449D32B00F8ED46 /* Release */,
			);
			defaultConfigurationIsVisible = 0;
		};
/* End XCConfigurationList section */
	};
	rootObject = 913A44761449D32B00F8ED46 /* Project object */;
}
