// !$*UTF8*$!
{
	archiveVersion = 1;
	classes = {
	};
	objectVersion = 46;
	objects = {

/* Begin PBXBuildFile section */
		91D1A55D1449C2BE0055BC4A /* UIKit.framework in Frameworks */ = {isa = PBXBuildFile; fileRef = 91D1A55C1449C2BE0055BC4A /* UIKit.framework */; };
		91D1A55F1449C2BE0055BC4A /* Foundation.framework in Frameworks */ = {isa = PBXBuildFile; fileRef = 91D1A55E1449C2BE0055BC4A /* Foundation.framework */; };
		91D1A5611449C2BE0055BC4A /* CoreGraphics.framework in Frameworks */ = {isa = PBXBuildFile; fileRef = 91D1A5601449C2BE0055BC4A /* CoreGraphics.framework */; };
		91D1A5671449C2BE0055BC4A /* InfoPlist.strings in Resources */ = {isa = PBXBuildFile; fileRef = 91D1A5651449C2BE0055BC4A /* InfoPlist.strings */; };
		91D1A5691449C2BE0055BC4A /* main.m in Sources */ = {isa = PBXBuildFile; fileRef = 91D1A5681449C2BE0055BC4A /* main.m */; };
		91D1A56D1449C2BE0055BC4A /* JWAppDelegate.m in Sources */ = {isa = PBXBuildFile; fileRef = 91D1A56C1449C2BE0055BC4A /* JWAppDelegate.m */; };
		91D1A5701449C2BE0055BC4A /* MainStoryboard.storyboard in Resources */ = {isa = PBXBuildFile; fileRef = 91D1A56E1449C2BE0055BC4A /* MainStoryboard.storyboard */; };
		91D1A5731449C2BE0055BC4A /* JWViewController.m in Sources */ = {isa = PBXBuildFile; fileRef = 91D1A5721449C2BE0055BC4A /* JWViewController.m */; };
		91D1A57B1449C2BF0055BC4A /* SenTestingKit.framework in Frameworks */ = {isa = PBXBuildFile; fileRef = 91D1A57A1449C2BF0055BC4A /* SenTestingKit.framework */; };
		91D1A57C1449C2BF0055BC4A /* UIKit.framework in Frameworks */ = {isa = PBXBuildFile; fileRef = 91D1A55C1449C2BE0055BC4A /* UIKit.framework */; };
		91D1A57D1449C2BF0055BC4A /* Foundation.framework in Frameworks */ = {isa = PBXBuildFile; fileRef = 91D1A55E1449C2BE0055BC4A /* Foundation.framework */; };
		91D1A5851449C2BF0055BC4A /* InfoPlist.strings in Resources */ = {isa = PBXBuildFile; fileRef = 91D1A5831449C2BF0055BC4A /* InfoPlist.strings */; };
		91D1A5881449C2BF0055BC4A /* GridViewControllerTests.m in Sources */ = {isa = PBXBuildFile; fileRef = 91D1A5871449C2BF0055BC4A /* GridViewControllerTests.m */; };
/* End PBXBuildFile section */

/* Begin PBXContainerItemProxy section */
		91D1A57E1449C2BF0055BC4A /* PBXContainerItemProxy */ = {
			isa = PBXContainerItemProxy;
			containerPortal = 91D1A54F1449C2BE0055BC4A /* Project object */;
			proxyType = 1;
			remoteGlobalIDString = 91D1A5571449C2BE0055BC4A;
			remoteInfo = GridViewController;
		};
/* End PBXContainerItemProxy section */

/* Begin PBXFileReference section */
		91D1A5581449C2BE0055BC4A /* GridViewController.app */ = {isa = PBXFileReference; explicitFileType = wrapper.application; includeInIndex = 0; path = GridViewController.app; sourceTree = BUILT_PRODUCTS_DIR; };
		91D1A55C1449C2BE0055BC4A /* UIKit.framework */ = {isa = PBXFileReference; lastKnownFileType = wrapper.framework; name = UIKit.framework; path = System/Library/Frameworks/UIKit.framework; sourceTree = SDKROOT; };
		91D1A55E1449C2BE0055BC4A /* Foundation.framework */ = {isa = PBXFileReference; lastKnownFileType = wrapper.framework; name = Foundation.framework; path = System/Library/Frameworks/Foundation.framework; sourceTree = SDKROOT; };
		91D1A5601449C2BE0055BC4A /* CoreGraphics.framework */ = {isa = PBXFileReference; lastKnownFileType = wrapper.framework; name = CoreGraphics.framework; path = System/Library/Frameworks/CoreGraphics.framework; sourceTree = SDKROOT; };
		91D1A5641449C2BE0055BC4A /* GridViewController-Info.plist */ = {isa = PBXFileReference; lastKnownFileType = text.plist.xml; path = "GridViewController-Info.plist"; sourceTree = "<group>"; };
		91D1A5661449C2BE0055BC4A /* en */ = {isa = PBXFileReference; lastKnownFileType = text.plist.strings; name = en; path = en.lproj/InfoPlist.strings; sourceTree = "<group>"; };
		91D1A5681449C2BE0055BC4A /* main.m */ = {isa = PBXFileReference; lastKnownFileType = sourcecode.c.objc; path = main.m; sourceTree = "<group>"; };
		91D1A56A1449C2BE0055BC4A /* GridViewController-Prefix.pch */ = {isa = PBXFileReference; lastKnownFileType = sourcecode.c.h; path = "GridViewController-Prefix.pch"; sourceTree = "<group>"; };
		91D1A56B1449C2BE0055BC4A /* JWAppDelegate.h */ = {isa = PBXFileReference; lastKnownFileType = sourcecode.c.h; path = JWAppDelegate.h; sourceTree = "<group>"; };
		91D1A56C1449C2BE0055BC4A /* JWAppDelegate.m */ = {isa = PBXFileReference; lastKnownFileType = sourcecode.c.objc; path = JWAppDelegate.m; sourceTree = "<group>"; };
		91D1A56F1449C2BE0055BC4A /* en */ = {isa = PBXFileReference; lastKnownFileType = file.storyboard; name = en; path = en.lproj/MainStoryboard.storyboard; sourceTree = "<group>"; };
		91D1A5711449C2BE0055BC4A /* JWViewController.h */ = {isa = PBXFileReference; lastKnownFileType = sourcecode.c.h; path = JWViewController.h; sourceTree = "<group>"; };
		91D1A5721449C2BE0055BC4A /* JWViewController.m */ = {isa = PBXFileReference; lastKnownFileType = sourcecode.c.objc; path = JWViewController.m; sourceTree = "<group>"; };
		91D1A5791449C2BF0055BC4A /* GridViewControllerTests.octest */ = {isa = PBXFileReference; explicitFileType = wrapper.cfbundle; includeInIndex = 0; path = GridViewControllerTests.octest; sourceTree = BUILT_PRODUCTS_DIR; };
		91D1A57A1449C2BF0055BC4A /* SenTestingKit.framework */ = {isa = PBXFileReference; lastKnownFileType = wrapper.framework; name = SenTestingKit.framework; path = Library/Frameworks/SenTestingKit.framework; sourceTree = DEVELOPER_DIR; };
		91D1A5821449C2BF0055BC4A /* GridViewControllerTests-Info.plist */ = {isa = PBXFileReference; lastKnownFileType = text.plist.xml; path = "GridViewControllerTests-Info.plist"; sourceTree = "<group>"; };
		91D1A5841449C2BF0055BC4A /* en */ = {isa = PBXFileReference; lastKnownFileType = text.plist.strings; name = en; path = en.lproj/InfoPlist.strings; sourceTree = "<group>"; };
		91D1A5861449C2BF0055BC4A /* GridViewControllerTests.h */ = {isa = PBXFileReference; lastKnownFileType = sourcecode.c.h; path = GridViewControllerTests.h; sourceTree = "<group>"; };
		91D1A5871449C2BF0055BC4A /* GridViewControllerTests.m */ = {isa = PBXFileReference; lastKnownFileType = sourcecode.c.objc; path = GridViewControllerTests.m; sourceTree = "<group>"; };
/* End PBXFileReference section */

/* Begin PBXFrameworksBuildPhase section */
		91D1A5551449C2BE0055BC4A /* Frameworks */ = {
			isa = PBXFrameworksBuildPhase;
			buildActionMask = 2147483647;
			files = (
				91D1A55D1449C2BE0055BC4A /* UIKit.framework in Frameworks */,
				91D1A55F1449C2BE0055BC4A /* Foundation.framework in Frameworks */,
				91D1A5611449C2BE0055BC4A /* CoreGraphics.framework in Frameworks */,
			);
			runOnlyForDeploymentPostprocessing = 0;
		};
		91D1A5751449C2BF0055BC4A /* Frameworks */ = {
			isa = PBXFrameworksBuildPhase;
			buildActionMask = 2147483647;
			files = (
				91D1A57B1449C2BF0055BC4A /* SenTestingKit.framework in Frameworks */,
				91D1A57C1449C2BF0055BC4A /* UIKit.framework in Frameworks */,
				91D1A57D1449C2BF0055BC4A /* Foundation.framework in Frameworks */,
			);
			runOnlyForDeploymentPostprocessing = 0;
		};
/* End PBXFrameworksBuildPhase section */

/* Begin PBXGroup section */
		91D1A54D1449C2BE0055BC4A = {
			isa = PBXGroup;
			children = (
				91D1A5621449C2BE0055BC4A /* GridViewController */,
				91D1A5801449C2BF0055BC4A /* GridViewControllerTests */,
				91D1A55B1449C2BE0055BC4A /* Frameworks */,
				91D1A5591449C2BE0055BC4A /* Products */,
			);
			sourceTree = "<group>";
		};
		91D1A5591449C2BE0055BC4A /* Products */ = {
			isa = PBXGroup;
			children = (
				91D1A5581449C2BE0055BC4A /* GridViewController.app */,
				91D1A5791449C2BF0055BC4A /* GridViewControllerTests.octest */,
			);
			name = Products;
			sourceTree = "<group>";
		};
		91D1A55B1449C2BE0055BC4A /* Frameworks */ = {
			isa = PBXGroup;
			children = (
				91D1A55C1449C2BE0055BC4A /* UIKit.framework */,
				91D1A55E1449C2BE0055BC4A /* Foundation.framework */,
				91D1A5601449C2BE0055BC4A /* CoreGraphics.framework */,
				91D1A57A1449C2BF0055BC4A /* SenTestingKit.framework */,
			);
			name = Frameworks;
			sourceTree = "<group>";
		};
		91D1A5621449C2BE0055BC4A /* GridViewController */ = {
			isa = PBXGroup;
			children = (
				91D1A56B1449C2BE0055BC4A /* JWAppDelegate.h */,
				91D1A56C1449C2BE0055BC4A /* JWAppDelegate.m */,
				91D1A56E1449C2BE0055BC4A /* MainStoryboard.storyboard */,
				91D1A5711449C2BE0055BC4A /* JWViewController.h */,
				91D1A5721449C2BE0055BC4A /* JWViewController.m */,
				91D1A5631449C2BE0055BC4A /* Supporting Files */,
			);
			path = GridViewController;
			sourceTree = "<group>";
		};
		91D1A5631449C2BE0055BC4A /* Supporting Files */ = {
			isa = PBXGroup;
			children = (
				91D1A5641449C2BE0055BC4A /* GridViewController-Info.plist */,
				91D1A5651449C2BE0055BC4A /* InfoPlist.strings */,
				91D1A5681449C2BE0055BC4A /* main.m */,
				91D1A56A1449C2BE0055BC4A /* GridViewController-Prefix.pch */,
			);
			name = "Supporting Files";
			sourceTree = "<group>";
		};
		91D1A5801449C2BF0055BC4A /* GridViewControllerTests */ = {
			isa = PBXGroup;
			children = (
				91D1A5861449C2BF0055BC4A /* GridViewControllerTests.h */,
				91D1A5871449C2BF0055BC4A /* GridViewControllerTests.m */,
				91D1A5811449C2BF0055BC4A /* Supporting Files */,
			);
			path = GridViewControllerTests;
			sourceTree = "<group>";
		};
		91D1A5811449C2BF0055BC4A /* Supporting Files */ = {
			isa = PBXGroup;
			children = (
				91D1A5821449C2BF0055BC4A /* GridViewControllerTests-Info.plist */,
				91D1A5831449C2BF0055BC4A /* InfoPlist.strings */,
			);
			name = "Supporting Files";
			sourceTree = "<group>";
		};
/* End PBXGroup section */

/* Begin PBXNativeTarget section */
		91D1A5571449C2BE0055BC4A /* GridViewController */ = {
			isa = PBXNativeTarget;
			buildConfigurationList = 91D1A58B1449C2BF0055BC4A /* Build configuration list for PBXNativeTarget "GridViewController" */;
			buildPhases = (
				91D1A5541449C2BE0055BC4A /* Sources */,
				91D1A5551449C2BE0055BC4A /* Frameworks */,
				91D1A5561449C2BE0055BC4A /* Resources */,
			);
			buildRules = (
			);
			dependencies = (
			);
			name = GridViewController;
			productName = GridViewController;
			productReference = 91D1A5581449C2BE0055BC4A /* GridViewController.app */;
			productType = "com.apple.product-type.application";
		};
		91D1A5781449C2BF0055BC4A /* GridViewControllerTests */ = {
			isa = PBXNativeTarget;
			buildConfigurationList = 91D1A58E1449C2BF0055BC4A /* Build configuration list for PBXNativeTarget "GridViewControllerTests" */;
			buildPhases = (
				91D1A5741449C2BF0055BC4A /* Sources */,
				91D1A5751449C2BF0055BC4A /* Frameworks */,
				91D1A5761449C2BF0055BC4A /* Resources */,
				91D1A5771449C2BF0055BC4A /* ShellScript */,
			);
			buildRules = (
			);
			dependencies = (
				91D1A57F1449C2BF0055BC4A /* PBXTargetDependency */,
			);
			name = GridViewControllerTests;
			productName = GridViewControllerTests;
			productReference = 91D1A5791449C2BF0055BC4A /* GridViewControllerTests.octest */;
			productType = "com.apple.product-type.bundle";
		};
/* End PBXNativeTarget section */

/* Begin PBXProject section */
		91D1A54F1449C2BE0055BC4A /* Project object */ = {
			isa = PBXProject;
			attributes = {
				LastUpgradeCheck = 0420;
				ORGANIZATIONNAME = "JWMM Software";
			};
			buildConfigurationList = 91D1A5521449C2BE0055BC4A /* Build configuration list for PBXProject "GridViewController" */;
			compatibilityVersion = "Xcode 3.2";
			developmentRegion = English;
			hasScannedForEncodings = 0;
			knownRegions = (
				en,
			);
			mainGroup = 91D1A54D1449C2BE0055BC4A;
			productRefGroup = 91D1A5591449C2BE0055BC4A /* Products */;
			projectDirPath = "";
			projectRoot = "";
			targets = (
				91D1A5571449C2BE0055BC4A /* GridViewController */,
				91D1A5781449C2BF0055BC4A /* GridViewControllerTests */,
			);
		};
/* End PBXProject section */

/* Begin PBXResourcesBuildPhase section */
		91D1A5561449C2BE0055BC4A /* Resources */ = {
			isa = PBXResourcesBuildPhase;
			buildActionMask = 2147483647;
			files = (
				91D1A5671449C2BE0055BC4A /* InfoPlist.strings in Resources */,
				91D1A5701449C2BE0055BC4A /* MainStoryboard.storyboard in Resources */,
			);
			runOnlyForDeploymentPostprocessing = 0;
		};
		91D1A5761449C2BF0055BC4A /* Resources */ = {
			isa = PBXResourcesBuildPhase;
			buildActionMask = 2147483647;
			files = (
				91D1A5851449C2BF0055BC4A /* InfoPlist.strings in Resources */,
			);
			runOnlyForDeploymentPostprocessing = 0;
		};
/* End PBXResourcesBuildPhase section */

/* Begin PBXShellScriptBuildPhase section */
		91D1A5771449C2BF0055BC4A /* ShellScript */ = {
			isa = PBXShellScriptBuildPhase;
			buildActionMask = 2147483647;
			files = (
			);
			inputPaths = (
			);
			outputPaths = (
			);
			runOnlyForDeploymentPostprocessing = 0;
			shellPath = /bin/sh;
			shellScript = "# Run the unit tests in this test bundle.\n\"${SYSTEM_DEVELOPER_DIR}/Tools/RunUnitTests\"\n";
		};
/* End PBXShellScriptBuildPhase section */

/* Begin PBXSourcesBuildPhase section */
		91D1A5541449C2BE0055BC4A /* Sources */ = {
			isa = PBXSourcesBuildPhase;
			buildActionMask = 2147483647;
			files = (
				91D1A5691449C2BE0055BC4A /* main.m in Sources */,
				91D1A56D1449C2BE0055BC4A /* JWAppDelegate.m in Sources */,
				91D1A5731449C2BE0055BC4A /* JWViewController.m in Sources */,
			);
			runOnlyForDeploymentPostprocessing = 0;
		};
		91D1A5741449C2BF0055BC4A /* Sources */ = {
			isa = PBXSourcesBuildPhase;
			buildActionMask = 2147483647;
			files = (
				91D1A5881449C2BF0055BC4A /* GridViewControllerTests.m in Sources */,
			);
			runOnlyForDeploymentPostprocessing = 0;
		};
/* End PBXSourcesBuildPhase section */

/* Begin PBXTargetDependency section */
		91D1A57F1449C2BF0055BC4A /* PBXTargetDependency */ = {
			isa = PBXTargetDependency;
			target = 91D1A5571449C2BE0055BC4A /* GridViewController */;
			targetProxy = 91D1A57E1449C2BF0055BC4A /* PBXContainerItemProxy */;
		};
/* End PBXTargetDependency section */

/* Begin PBXVariantGroup section */
		91D1A5651449C2BE0055BC4A /* InfoPlist.strings */ = {
			isa = PBXVariantGroup;
			children = (
				91D1A5661449C2BE0055BC4A /* en */,
			);
			name = InfoPlist.strings;
			sourceTree = "<group>";
		};
		91D1A56E1449C2BE0055BC4A /* MainStoryboard.storyboard */ = {
			isa = PBXVariantGroup;
			children = (
				91D1A56F1449C2BE0055BC4A /* en */,
			);
			name = MainStoryboard.storyboard;
			sourceTree = "<group>";
		};
		91D1A5831449C2BF0055BC4A /* InfoPlist.strings */ = {
			isa = PBXVariantGroup;
			children = (
				91D1A5841449C2BF0055BC4A /* en */,
			);
			name = InfoPlist.strings;
			sourceTree = "<group>";
		};
/* End PBXVariantGroup section */

/* Begin XCBuildConfiguration section */
		91D1A5891449C2BF0055BC4A /* Debug */ = {
			isa = XCBuildConfiguration;
			buildSettings = {
				ALWAYS_SEARCH_USER_PATHS = NO;
				ARCHS = "$(ARCHS_STANDARD_32_BIT)";
				CLANG_ENABLE_OBJC_ARC = YES;
				"CODE_SIGN_IDENTITY[sdk=iphoneos*]" = "iPhone Developer";
				COPY_PHASE_STRIP = NO;
				GCC_C_LANGUAGE_STANDARD = gnu99;
				GCC_DYNAMIC_NO_PIC = NO;
				GCC_OPTIMIZATION_LEVEL = 0;
				GCC_PREPROCESSOR_DEFINITIONS = (
					"DEBUG=1",
					"$(inherited)",
				);
				GCC_SYMBOLS_PRIVATE_EXTERN = NO;
				GCC_VERSION = com.apple.compilers.llvm.clang.1_0;
				GCC_WARN_ABOUT_MISSING_PROTOTYPES = YES;
				GCC_WARN_ABOUT_RETURN_TYPE = YES;
				GCC_WARN_UNUSED_VARIABLE = YES;
				IPHONEOS_DEPLOYMENT_TARGET = 5.0;
				SDKROOT = iphoneos;
				TARGETED_DEVICE_FAMILY = 2;
			};
			name = Debug;
		};
		91D1A58A1449C2BF0055BC4A /* Release */ = {
			isa = XCBuildConfiguration;
			buildSettings = {
				ALWAYS_SEARCH_USER_PATHS = NO;
				ARCHS = "$(ARCHS_STANDARD_32_BIT)";
				CLANG_ENABLE_OBJC_ARC = YES;
				"CODE_SIGN_IDENTITY[sdk=iphoneos*]" = "iPhone Developer";
				COPY_PHASE_STRIP = YES;
				GCC_C_LANGUAGE_STANDARD = gnu99;
				GCC_VERSION = com.apple.compilers.llvm.clang.1_0;
				GCC_WARN_ABOUT_MISSING_PROTOTYPES = YES;
				GCC_WARN_ABOUT_RETURN_TYPE = YES;
				GCC_WARN_UNUSED_VARIABLE = YES;
				IPHONEOS_DEPLOYMENT_TARGET = 5.0;
				OTHER_CFLAGS = "-DNS_BLOCK_ASSERTIONS=1";
				SDKROOT = iphoneos;
				TARGETED_DEVICE_FAMILY = 2;
				VALIDATE_PRODUCT = YES;
			};
			name = Release;
		};
		91D1A58C1449C2BF0055BC4A /* Debug */ = {
			isa = XCBuildConfiguration;
			buildSettings = {
				GCC_PRECOMPILE_PREFIX_HEADER = YES;
				GCC_PREFIX_HEADER = "GridViewController/GridViewController-Prefix.pch";
				INFOPLIST_FILE = "GridViewController/GridViewController-Info.plist";
				PRODUCT_NAME = "$(TARGET_NAME)";
				WRAPPER_EXTENSION = app;
			};
			name = Debug;
		};
		91D1A58D1449C2BF0055BC4A /* Release */ = {
			isa = XCBuildConfiguration;
			buildSettings = {
				GCC_PRECOMPILE_PREFIX_HEADER = YES;
				GCC_PREFIX_HEADER = "GridViewController/GridViewController-Prefix.pch";
				INFOPLIST_FILE = "GridViewController/GridViewController-Info.plist";
				PRODUCT_NAME = "$(TARGET_NAME)";
				WRAPPER_EXTENSION = app;
			};
			name = Release;
		};
		91D1A58F1449C2BF0055BC4A /* Debug */ = {
			isa = XCBuildConfiguration;
			buildSettings = {
				BUNDLE_LOADER = "$(BUILT_PRODUCTS_DIR)/GridViewController.app/GridViewController";
				FRAMEWORK_SEARCH_PATHS = (
					"$(SDKROOT)/Developer/Library/Frameworks",
					"$(DEVELOPER_LIBRARY_DIR)/Frameworks",
				);
				GCC_PRECOMPILE_PREFIX_HEADER = YES;
				GCC_PREFIX_HEADER = "GridViewController/GridViewController-Prefix.pch";
				INFOPLIST_FILE = "GridViewControllerTests/GridViewControllerTests-Info.plist";
				PRODUCT_NAME = "$(TARGET_NAME)";
				TEST_HOST = "$(BUNDLE_LOADER)";
				WRAPPER_EXTENSION = octest;
			};
			name = Debug;
		};
		91D1A5901449C2BF0055BC4A /* Release */ = {
			isa = XCBuildConfiguration;
			buildSettings = {
				BUNDLE_LOADER = "$(BUILT_PRODUCTS_DIR)/GridViewController.app/GridViewController";
				FRAMEWORK_SEARCH_PATHS = (
					"$(SDKROOT)/Developer/Library/Frameworks",
					"$(DEVELOPER_LIBRARY_DIR)/Frameworks",
				);
				GCC_PRECOMPILE_PREFIX_HEADER = YES;
				GCC_PREFIX_HEADER = "GridViewController/GridViewController-Prefix.pch";
				INFOPLIST_FILE = "GridViewControllerTests/GridViewControllerTests-Info.plist";
				PRODUCT_NAME = "$(TARGET_NAME)";
				TEST_HOST = "$(BUNDLE_LOADER)";
				WRAPPER_EXTENSION = octest;
			};
			name = Release;
		};
/* End XCBuildConfiguration section */

/* Begin XCConfigurationList section */
		91D1A5521449C2BE0055BC4A /* Build configuration list for PBXProject "GridViewController" */ = {
			isa = XCConfigurationList;
			buildConfigurations = (
				91D1A5891449C2BF0055BC4A /* Debug */,
				91D1A58A1449C2BF0055BC4A /* Release */,
			);
			defaultConfigurationIsVisible = 0;
			defaultConfigurationName = Release;
		};
		91D1A58B1449C2BF0055BC4A /* Build configuration list for PBXNativeTarget "GridViewController" */ = {
			isa = XCConfigurationList;
			buildConfigurations = (
				91D1A58C1449C2BF0055BC4A /* Debug */,
				91D1A58D1449C2BF0055BC4A /* Release */,
			);
			defaultConfigurationIsVisible = 0;
		};
		91D1A58E1449C2BF0055BC4A /* Build configuration list for PBXNativeTarget "GridViewControllerTests" */ = {
			isa = XCConfigurationList;
			buildConfigurations = (
				91D1A58F1449C2BF0055BC4A /* Debug */,
				91D1A5901449C2BF0055BC4A /* Release */,
			);
			defaultConfigurationIsVisible = 0;
		};
/* End XCConfigurationList section */
	};
	rootObject = 91D1A54F1449C2BE0055BC4A /* Project object */;
}
